
Microsoft Visual Studio Solution File, Format Version 12.00
# Visual Studio Version 17
VisualStudioVersion = 17.3.32901.215
MinimumVisualStudioVersion = 10.0.40219.1
Project("{9A19103F-16F7-4668-BE54-9A1E7A4F7556}") = "WinFormsApp1", "WinFormsApp1\WinFormsApp1.csproj", "{DE3160E1-63EA-4E06-8226-D8E13FCFE04F}"
EndProject
Project("{FAE04EC0-301F-11D3-BF4B-00C04F79EFBC}") = "ConsoleApp1", "ConsoleApp1\ConsoleApp1.csproj", "{9BE20BFC-945E-444E-9CED-1DBF6080B56B}"
EndProject
Global
	GlobalSection(SolutionConfigurationPlatforms) = preSolution
		Debug|Any CPU = Debug|Any CPU
		Release|Any CPU = Release|Any CPU
	EndGlobalSection
	GlobalSection(ProjectConfigurationPlatforms) = postSolution
		{DE3160E1-63EA-4E06-8226-D8E13FCFE04F}.Debug|Any CPU.ActiveCfg = Debug|Any CPU
		{DE3160E1-63EA-4E06-8226-D8E13FCFE04F}.Debug|Any CPU.Build.0 = Debug|Any CPU
		{DE3160E1-63EA-4E06-8226-D8E13FCFE04F}.Release|Any CPU.ActiveCfg = Release|Any CPU
		{DE3160E1-63EA-4E06-8226-D8E13FCFE04F}.Release|Any CPU.Build.0 = Release|Any CPU
		{9BE20BFC-945E-444E-9CED-1DBF6080B56B}.Debug|Any CPU.ActiveCfg = Debug|Any CPU
		{9BE20BFC-945E-444E-9CED-1DBF6080B56B}.Debug|Any CPU.Build.0 = Debug|Any CPU
		{9BE20BFC-945E-444E-9CED-1DBF6080B56B}.Release|Any CPU.ActiveCfg = Release|Any CPU
		{9BE20BFC-945E-444E-9CED-1DBF6080B56B}.Release|Any CPU.Build.0 = Release|Any CPU
	EndGlobalSection
	GlobalSection(SolutionProperties) = preSolution
		HideSolutionNode = FALSE
	EndGlobalSection
	GlobalSection(ExtensibilityGlobals) = postSolution
		SolutionGuid = {3EF88A1F-FD7F-4C68-86E3-ADDC76BCE9E2}
	EndGlobalSection
EndGlobal
